{
  "version": 4,
  "terraform_version": "1.14.8",
  "serial": 19,
  "lineage": "86dbbea6-18a6-0f82-b106-759e54cb4b80",
  "outputs": {
    "aws_region": {
      "value": "us-east-1",
      "type": "string"
    },
    "cluster_endpoint": {
      "value": "https://57BD51FA046EA590DBC861B449BCA2DE.gr7.us-east-1.eks.amazonaws.com",
      "type": "string"
    },
    "cluster_name": {
      "value": "innovatech-eks",
      "type": "string"
    },
    "ecr_repository_urls": {
      "value": {
        "backend-despachos": "671182215815.dkr.ecr.us-east-1.amazonaws.com/backend-despachos",
        "backend-ventas": "671182215815.dkr.ecr.us-east-1.amazonaws.com/backend-ventas",
        "frontend-despacho": "671182215815.dkr.ecr.us-east-1.amazonaws.com/frontend-despacho"
      },
      "type": [
        "object",
        {
          "backend-despachos": "string",
          "backend-ventas": "string",
          "frontend-despacho": "string"
        }
      ]
    },
    "public_subnet_ids": {
      "value": [
        "subnet-0ebee40db3ea008ab",
        "subnet-00c0a4f248542af96"
      ],
      "type": [
        "tuple",
        [
          "string",
          "string"
        ]
      ]
    },
    "update_kubeconfig_command": {
      "value": "aws eks update-kubeconfig --region us-east-1 --name innovatech-eks",
      "type": "string"
    },
    "vpc_id": {
      "value": "vpc-0db7b86e42610a157",
      "type": "string"
    }
  },
  "resources": [
    {
      "mode": "data",
      "type": "aws_availability_zones",
      "name": "available",
      "provider": "provider[\"registry.terraform.io/hashicorp/aws\"]",
      "instances": [
        {
          "schema_version": 0,
          "attributes": {
            "all_availability_zones": null,
            "exclude_names": null,
            "exclude_zone_ids": null,
            "filter": null,
            "group_names": [
              "us-east-1-zg-1"
            ],
            "id": "us-east-1",
            "names": [
              "us-east-1a",
              "us-east-1b",
              "us-east-1c",
              "us-east-1d",
              "us-east-1e",
              "us-east-1f"
            ],
            "state": "available",
            "timeouts": null,
            "zone_ids": [
              "use1-az4",
              "use1-az6",
              "use1-az1",
              "use1-az2",
              "use1-az3",
              "use1-az5"
            ]
          },
          "sensitive_attributes": [],
          "identity_schema_version": 0
        }
      ]
    },
    {
      "mode": "data",
      "type": "aws_iam_role",
      "name": "labrole",
      "provider": "provider[\"registry.terraform.io/hashicorp/aws\"]",
      "instances": [
        {
          "schema_version": 0,
          "attributes": {
            "arn": "arn:aws:iam::671182215815:role/LabRole",
            "assume_role_policy": "{\"Version\":\"2012-10-17\",\"Statement\":[{\"Effect\":\"Allow\",\"Principal\":{\"AWS\":\"arn:aws:iam::671182215815:role/LabRole\",\"Service\":[\"cloudtrail.amazonaws.com\",\"iotevents.amazonaws.com\",\"logs.amazonaws.com\",\"ecs-tasks.amazonaws.com\",\"codecommit.amazonaws.com\",\"application-autoscaling.amazonaws.com\",\"rekognition.amazonaws.com\",\"cloud9.amazonaws.com\",\"eks.amazonaws.com\",\"iotanalytics.amazonaws.com\",\"elasticfilesystem.amazonaws.com\",\"sns.amazonaws.com\",\"elasticloadbalancing.amazonaws.com\",\"events.amazonaws.com\",\"redshift.amazonaws.com\",\"kinesis.amazonaws.com\",\"databrew.amazonaws.com\",\"secretsmanager.amazonaws.com\",\"kms.amazonaws.com\",\"ssm.amazonaws.com\",\"cognito-idp.amazonaws.com\",\"glue.amazonaws.com\",\"elasticmapreduce.amazonaws.com\",\"dynamodb.amazonaws.com\",\"kinesisanalytics.amazonaws.com\",\"deepracer.amazonaws.com\",\"states.amazonaws.com\",\"sagemaker.amazonaws.com\",\"apigateway.amazonaws.com\",\"autoscaling.amazonaws.com\",\"s3.amazonaws.com\",\"eks-fargate-pods.amazonaws.com\",\"firehose.amazonaws.com\",\"batch.amazonaws.com\",\"scheduler.amazonaws.com\",\"ec2.application-autoscaling.amazonaws.com\",\"ecs.amazonaws.com\",\"cloudformation.amazonaws.com\",\"elasticbeanstalk.amazonaws.com\",\"codedeploy.amazonaws.com\",\"servicecatalog.amazonaws.com\",\"athena.amazonaws.com\",\"sqs.amazonaws.com\",\"pipes.amazonaws.com\",\"forecast.amazonaws.com\",\"backup.amazonaws.com\",\"lambda.amazonaws.com\",\"credentials.iot.amazonaws.com\",\"ec2.amazonaws.com\",\"resource-groups.amazonaws.com\",\"rds.amazonaws.com\",\"iot.amazonaws.com\",\"codewhisperer.amazonaws.com\"]},\"Action\":\"sts:AssumeRole\"}]}",
            "create_date": "2026-06-02T14:11:20Z",
            "description": "",
            "id": "LabRole",
            "max_session_duration": 3600,
            "name": "LabRole",
            "path": "/",
            "permissions_boundary": "",
            "role_last_used": [
              {
                "last_used_date": "2026-06-09T15:04:29Z",
                "region": "us-east-1"
              }
            ],
            "tags": {
              "cloudlab": "c212670a5380609l15102587t1w671182215815"
            },
            "unique_id": "AROAZYRMT3KDXOXL2KDAF"
          },
          "sensitive_attributes": [],
          "identity_schema_version": 0
        }
      ]
    },
    {
      "mode": "managed",
      "type": "aws_ecr_repository",
      "name": "repositories",
      "provider": "provider[\"registry.terraform.io/hashicorp/aws\"]",
      "instances": [
        {
          "index_key": "backend-despachos",
          "schema_version": 0,
          "attributes": {
            "arn": "arn:aws:ecr:us-east-1:671182215815:repository/backend-despachos",
            "encryption_configuration": [
              {
                "encryption_type": "AES256",
                "kms_key": ""
              }
            ],
            "force_delete": null,
            "id": "backend-despachos",
            "image_scanning_configuration": [
              {
                "scan_on_push": true
              }
            ],
            "image_tag_mutability": "IMMUTABLE",
            "name": "backend-despachos",
            "registry_id": "671182215815",
            "repository_url": "671182215815.dkr.ecr.us-east-1.amazonaws.com/backend-despachos",
            "tags": {
              "Environment": "dev",
              "ManagedBy": "Terraform",
              "Name": "backend-despachos",
              "Platform": "EKS",
              "Project": "innovatech"
            },
            "tags_all": {
              "Environment": "dev",
              "ManagedBy": "Terraform",
              "Name": "backend-despachos",
              "Platform": "EKS",
              "Project": "innovatech"
            },
            "timeouts": null
          },
          "sensitive_attributes": [],
          "identity_schema_version": 0,
          "private": "eyJlMmJmYjczMC1lY2FhLTExZTYtOGY4OC0zNDM2M2JjN2M0YzAiOnsiZGVsZXRlIjoxMjAwMDAwMDAwMDAwfX0="
        },
        {
          "index_key": "backend-ventas",
          "schema_version": 0,
          "attributes": {
            "arn": "arn:aws:ecr:us-east-1:671182215815:repository/backend-ventas",
            "encryption_configuration": [
              {
                "encryption_type": "AES256",
                "kms_key": ""
              }
            ],
            "force_delete": null,
            "id": "backend-ventas",
            "image_scanning_configuration": [
              {
                "scan_on_push": true
              }
            ],
            "image_tag_mutability": "IMMUTABLE",
            "name": "backend-ventas",
            "registry_id": "671182215815",
            "repository_url": "671182215815.dkr.ecr.us-east-1.amazonaws.com/backend-ventas",
            "tags": {
              "Environment": "dev",
              "ManagedBy": "Terraform",
              "Name": "backend-ventas",
              "Platform": "EKS",
              "Project": "innovatech"
            },
            "tags_all": {
              "Environment": "dev",
              "ManagedBy": "Terraform",
              "Name": "backend-ventas",
              "Platform": "EKS",
              "Project": "innovatech"
            },
            "timeouts": null
          },
          "sensitive_attributes": [],
          "identity_schema_version": 0,
          "private": "eyJlMmJmYjczMC1lY2FhLTExZTYtOGY4OC0zNDM2M2JjN2M0YzAiOnsiZGVsZXRlIjoxMjAwMDAwMDAwMDAwfX0="
        },
        {
          "index_key": "frontend-despacho",
          "schema_version": 0,
          "attributes": {
            "arn": "arn:aws:ecr:us-east-1:671182215815:repository/frontend-despacho",
            "encryption_configuration": [
              {
                "encryption_type": "AES256",
                "kms_key": ""
              }
            ],
            "force_delete": null,
            "id": "frontend-despacho",
            "image_scanning_configuration": [
              {
                "scan_on_push": true
              }
            ],
            "image_tag_mutability": "IMMUTABLE",
            "name": "frontend-despacho",
            "registry_id": "671182215815",
            "repository_url": "671182215815.dkr.ecr.us-east-1.amazonaws.com/frontend-despacho",
            "tags": {
              "Environment": "dev",
              "ManagedBy": "Terraform",
              "Name": "frontend-despacho",
              "Platform": "EKS",
              "Project": "innovatech"
            },
            "tags_all": {
              "Environment": "dev",
              "ManagedBy": "Terraform",
              "Name": "frontend-despacho",
              "Platform": "EKS",
              "Project": "innovatech"
            },
            "timeouts": null
          },
          "sensitive_attributes": [],
          "identity_schema_version": 0,
          "private": "eyJlMmJmYjczMC1lY2FhLTExZTYtOGY4OC0zNDM2M2JjN2M0YzAiOnsiZGVsZXRlIjoxMjAwMDAwMDAwMDAwfX0="
        }
      ]
    },
    {
      "mode": "managed",
      "type": "aws_eks_cluster",
      "name": "main",
      "provider": "provider[\"registry.terraform.io/hashicorp/aws\"]",
      "instances": [
        {
          "schema_version": 1,
          "attributes": {
            "access_config": [
              {
                "authentication_mode": "CONFIG_MAP",
                "bootstrap_cluster_creator_admin_permissions": true
              }
            ],
            "arn": "arn:aws:eks:us-east-1:671182215815:cluster/innovatech-eks",
            "bootstrap_self_managed_addons": true,
            "certificate_authority": [
              {
                "data": "LS0tLS1CRUdJTiBDRVJUSUZJQ0FURS0tLS0tCk1JSURCVENDQWUyZ0F3SUJBZ0lJUWtJWVlUNXRCOE13RFFZSktvWklodmNOQVFFTEJRQXdGVEVUTUJFR0ExVUUKQXhNS2EzVmlaWEp1WlhSbGN6QWVGdzB5TmpBMk1Ea3lNek15TkRGYUZ3MHpOakEyTURZeU16TTNOREZhTUJVeApFekFSQmdOVkJBTVRDbXQxWW1WeWJtVjBaWE13Z2dFaU1BMEdDU3FHU0liM0RRRUJBUVVBQTRJQkR3QXdnZ0VLCkFvSUJBUUNwT3dkMFRhaHNiMDdFQ2pDL1U2VVJraGs0dHFBUnZEOGZqY0dETTMzN3dGWFFoMFJUU0xGSkx1ZjkKUEdFZjhrMHVRYjJGaDBURHlrVncxTnlGVDR5OG1sOVU1ZFVSb21jTEhQV2ZvSGNhS2VGQ1pUQitxMjkrZWZiTwp3Um5hTCtWYUtOSEc3TEc3VWdDbk1ReUthTFV2L0t3cXhsWDcxa2d5ZVAzQTFnTWs4T1BoM0JWVEZwdlZFYmVaCm9yc2VId24vSE1QSTJwbDhiVW9PTmkyNTdiZGZEZGlmSXNQcWhUZ2VuUEdqWTZHelFkazVsKzhaQkhiWXlaZGoKNEpTNHJBRHJOWDlVVzgvNTRMNlhvMlR0bUhvM2VqcENEUVd1QzhmSHVtYWY4UDY0YldNZ3dXQkZqcVc2RmtoWQppaVA5YmtVZ1RoZk1WbFRabVNMTEVKcy84T2hOQWdNQkFBR2pXVEJYTUE0R0ExVWREd0VCL3dRRUF3SUNwREFQCkJnTlZIUk1CQWY4RUJUQURBUUgvTUIwR0ExVWREZ1FXQkJRQVhnWmtlRlZObUJqU1ZFU0xnQ29wckwvaUlEQVYKQmdOVkhSRUVEakFNZ2dwcmRXSmxjbTVsZEdWek1BMEdDU3FHU0liM0RRRUJDd1VBQTRJQkFRQkJEd2FDdVJMcQpkQWZpaE1QQkZQM05TMTYrU3h5ZXdiVEZKVnBkOFRFZDB0dE1WczA1T0t5SWRRUU5OSEpicXozTVlHVUZpWHYzClN6SWI0ckFIWmVJWHFoU0piSVNCUmRuNXdaL0pQQ2dNSjRjNk1EMGwrOUk4ZkFuQUFUd21PK0s0cGxLQ3BlVm8KNVNOWDNlV0tDYXRQd3lML1BhRDlqZ3RCazFWVVZHbmJYVDBSbGRVZGZyZHoxRnR2dER6eTlrakxxOVdqaFl5LwpUdENIL1FlVWlHNG1aMUhQeUxiUWRNRGt1RkpjVFg1UXA1WVBqdkVsVWlHSzRQUXJPY2FHVGpjeFV1cFhnWVZwCjJrSmttRmkwQzJ0d1dSTlg4TXpNZzZmWTE0dnljU1hIc0dmT01jUWcrOW5USlJJcmozSTEyNFZFYVJ2T3lxQ2QKUXBkNjdtMGppeVErCi0tLS0tRU5EIENFUlRJRklDQVRFLS0tLS0K"
              }
            ],
            "cluster_id": null,
            "compute_config": [],
            "created_at": "2026-06-09T23:30:53Z",
            "enabled_cluster_log_types": null,
            "encryption_config": [],
            "endpoint": "https://57BD51FA046EA590DBC861B449BCA2DE.gr7.us-east-1.eks.amazonaws.com",
            "force_update_version": null,
            "id": "innovatech-eks",
            "identity": [
              {
                "oidc": [
                  {
                    "issuer": "https://oidc.eks.us-east-1.amazonaws.com/id/57BD51FA046EA590DBC861B449BCA2DE"
                  }
                ]
              }
            ],
            "kubernetes_network_config": [
              {
                "elastic_load_balancing": [
                  {
                    "enabled": false
                  }
                ],
                "ip_family": "ipv4",
                "service_ipv4_cidr": "172.20.0.0/16",
                "service_ipv6_cidr": ""
              }
            ],
            "name": "innovatech-eks",
            "outpost_config": [],
            "platform_version": "eks.72",
            "remote_network_config": [],
            "role_arn": "arn:aws:iam::671182215815:role/LabRole",
            "status": "ACTIVE",
            "storage_config": [],
            "tags": {
              "Environment": "dev",
              "ManagedBy": "Terraform",
              "Name": "innovatech-eks",
              "Platform": "EKS",
              "Project": "innovatech"
            },
            "tags_all": {
              "Environment": "dev",
              "ManagedBy": "Terraform",
              "Name": "innovatech-eks",
              "Platform": "EKS",
              "Project": "innovatech"
            },
            "timeouts": null,
            "upgrade_policy": [
              {
                "support_type": "EXTENDED"
              }
            ],
            "version": "1.29",
            "vpc_config": [
              {
                "cluster_security_group_id": "sg-0b6786522045e6c37",
                "endpoint_private_access": true,
                "endpoint_public_access": true,
                "public_access_cidrs": [
                  "0.0.0.0/0"
                ],
                "security_group_ids": [
                  "sg-0155ffa5ac2277975"
                ],
                "subnet_ids": [
                  "subnet-00c0a4f248542af96",
                  "subnet-0ebee40db3ea008ab"
                ],
                "vpc_id": "vpc-0db7b86e42610a157"
              }
            ],
            "zonal_shift_config": []
          },
          "sensitive_attributes": [],
          "identity_schema_version": 0,
          "private": "eyJlMmJmYjczMC1lY2FhLTExZTYtOGY4OC0zNDM2M2JjN2M0YzAiOnsiY3JlYXRlIjoxODAwMDAwMDAwMDAwLCJkZWxldGUiOjkwMDAwMDAwMDAwMCwidXBkYXRlIjozNjAwMDAwMDAwMDAwfSwic2NoZW1hX3ZlcnNpb24iOiIxIn0=",
          "dependencies": [
            "aws_security_group.eks_cluster",
            "aws_subnet.public",
            "aws_vpc.main",
            "data.aws_availability_zones.available",
            "data.aws_iam_role.labrole"
          ]
        }
      ]
    },
    {
      "mode": "managed",
      "type": "aws_internet_gateway",
      "name": "main",
      "provider": "provider[\"registry.terraform.io/hashicorp/aws\"]",
      "instances": [
        {
          "schema_version": 0,
          "attributes": {
            "arn": "arn:aws:ec2:us-east-1:671182215815:internet-gateway/igw-0a1beae8e51dcd684",
            "id": "igw-0a1beae8e51dcd684",
            "owner_id": "671182215815",
            "tags": {
              "Environment": "dev",
              "ManagedBy": "Terraform",
              "Name": "innovatech-igw",
              "Platform": "EKS",
              "Project": "innovatech"
            },
            "tags_all": {
              "Environment": "dev",
              "ManagedBy": "Terraform",
              "Name": "innovatech-igw",
              "Platform": "EKS",
              "Project": "innovatech"
            },
            "timeouts": null,
            "vpc_id": "vpc-0db7b86e42610a157"
          },
          "sensitive_attributes": [],
          "identity_schema_version": 0,
          "private": "eyJlMmJmYjczMC1lY2FhLTExZTYtOGY4OC0zNDM2M2JjN2M0YzAiOnsiY3JlYXRlIjoxMjAwMDAwMDAwMDAwLCJkZWxldGUiOjEyMDAwMDAwMDAwMDAsInVwZGF0ZSI6MTIwMDAwMDAwMDAwMH19",
          "dependencies": [
            "aws_vpc.main"
          ]
        }
      ]
    },
    {
      "mode": "managed",
      "type": "aws_route",
      "name": "public_internet_access",
      "provider": "provider[\"registry.terraform.io/hashicorp/aws\"]",
      "instances": [
        {
          "schema_version": 0,
          "attributes": {
            "carrier_gateway_id": "",
            "core_network_arn": "",
            "destination_cidr_block": "0.0.0.0/0",
            "destination_ipv6_cidr_block": "",
            "destination_prefix_list_id": "",
            "egress_only_gateway_id": "",
            "gateway_id": "igw-0a1beae8e51dcd684",
            "id": "r-rtb-0bf31fabd07c3c7241080289494",
            "instance_id": "",
            "instance_owner_id": "",
            "local_gateway_id": "",
            "nat_gateway_id": "",
            "network_interface_id": "",
            "origin": "CreateRoute",
            "route_table_id": "rtb-0bf31fabd07c3c724",
            "state": "active",
            "timeouts": null,
            "transit_gateway_id": "",
            "vpc_endpoint_id": "",
            "vpc_peering_connection_id": ""
          },
          "sensitive_attributes": [],
          "identity_schema_version": 0,
          "private": "eyJlMmJmYjczMC1lY2FhLTExZTYtOGY4OC0zNDM2M2JjN2M0YzAiOnsiY3JlYXRlIjozMDAwMDAwMDAwMDAsImRlbGV0ZSI6MzAwMDAwMDAwMDAwLCJ1cGRhdGUiOjEyMDAwMDAwMDAwMH19",
          "dependencies": [
            "aws_internet_gateway.main",
            "aws_route_table.public",
            "aws_vpc.main"
          ]
        }
      ]
    },
    {
      "mode": "managed",
      "type": "aws_route_table",
      "name": "public",
      "provider": "provider[\"registry.terraform.io/hashicorp/aws\"]",
      "instances": [
        {
          "schema_version": 0,
          "attributes": {
            "arn": "arn:aws:ec2:us-east-1:671182215815:route-table/rtb-0bf31fabd07c3c724",
            "id": "rtb-0bf31fabd07c3c724",
            "owner_id": "671182215815",
            "propagating_vgws": [],
            "route": [
              {
                "carrier_gateway_id": "",
                "cidr_block": "0.0.0.0/0",
                "core_network_arn": "",
                "destination_prefix_list_id": "",
                "egress_only_gateway_id": "",
                "gateway_id": "igw-0a1beae8e51dcd684",
                "ipv6_cidr_block": "",
                "local_gateway_id": "",
                "nat_gateway_id": "",
                "network_interface_id": "",
                "transit_gateway_id": "",
                "vpc_endpoint_id": "",
                "vpc_peering_connection_id": ""
              }
            ],
            "tags": {
              "Environment": "dev",
              "ManagedBy": "Terraform",
              "Name": "innovatech-public-rt",
              "Platform": "EKS",
              "Project": "innovatech"
            },
            "tags_all": {
              "Environment": "dev",
              "ManagedBy": "Terraform",
              "Name": "innovatech-public-rt",
              "Platform": "EKS",
              "Project": "innovatech"
            },
            "timeouts": null,
            "vpc_id": "vpc-0db7b86e42610a157"
          },
          "sensitive_attributes": [],
          "identity_schema_version": 0,
          "private": "eyJlMmJmYjczMC1lY2FhLTExZTYtOGY4OC0zNDM2M2JjN2M0YzAiOnsiY3JlYXRlIjozMDAwMDAwMDAwMDAsImRlbGV0ZSI6MzAwMDAwMDAwMDAwLCJ1cGRhdGUiOjEyMDAwMDAwMDAwMH19",
          "dependencies": [
            "aws_vpc.main"
          ]
        }
      ]
    },
    {
      "mode": "managed",
      "type": "aws_route_table_association",
      "name": "public",
      "provider": "provider[\"registry.terraform.io/hashicorp/aws\"]",
      "instances": [
        {
          "index_key": 0,
          "schema_version": 0,
          "attributes": {
            "gateway_id": "",
            "id": "rtbassoc-039eaef629856e673",
            "route_table_id": "rtb-0bf31fabd07c3c724",
            "subnet_id": "subnet-0ebee40db3ea008ab",
            "timeouts": null
          },
          "sensitive_attributes": [],
          "identity_schema_version": 0,
          "private": "eyJlMmJmYjczMC1lY2FhLTExZTYtOGY4OC0zNDM2M2JjN2M0YzAiOnsiY3JlYXRlIjozMDAwMDAwMDAwMDAsImRlbGV0ZSI6MzAwMDAwMDAwMDAwLCJ1cGRhdGUiOjEyMDAwMDAwMDAwMH19",
          "dependencies": [
            "aws_route_table.public",
            "aws_subnet.public",
            "aws_vpc.main",
            "data.aws_availability_zones.available"
          ]
        },
        {
          "index_key": 1,
          "schema_version": 0,
          "attributes": {
            "gateway_id": "",
            "id": "rtbassoc-0bfac8ef4c00ad2b2",
            "route_table_id": "rtb-0bf31fabd07c3c724",
            "subnet_id": "subnet-00c0a4f248542af96",
            "timeouts": null
          },
          "sensitive_attributes": [],
          "identity_schema_version": 0,
          "private": "eyJlMmJmYjczMC1lY2FhLTExZTYtOGY4OC0zNDM2M2JjN2M0YzAiOnsiY3JlYXRlIjozMDAwMDAwMDAwMDAsImRlbGV0ZSI6MzAwMDAwMDAwMDAwLCJ1cGRhdGUiOjEyMDAwMDAwMDAwMH19",
          "dependencies": [
            "aws_route_table.public",
            "aws_subnet.public",
            "aws_vpc.main",
            "data.aws_availability_zones.available"
          ]
        }
      ]
    },
    {
      "mode": "managed",
      "type": "aws_security_group",
      "name": "eks_cluster",
      "provider": "provider[\"registry.terraform.io/hashicorp/aws\"]",
      "instances": [
        {
          "schema_version": 1,
          "attributes": {
            "arn": "arn:aws:ec2:us-east-1:671182215815:security-group/sg-0155ffa5ac2277975",
            "description": "Security Group para el control plane de EKS",
            "egress": [
              {
                "cidr_blocks": [
                  "0.0.0.0/0"
                ],
                "description": "Salida general",
                "from_port": 0,
                "ipv6_cidr_blocks": [],
                "prefix_list_ids": [],
                "protocol": "-1",
                "security_groups": [],
                "self": false,
                "to_port": 0
              }
            ],
            "id": "sg-0155ffa5ac2277975",
            "ingress": [
              {
                "cidr_blocks": [
                  "0.0.0.0/0"
                ],
                "description": "HTTPS para comunicacion con Kubernetes API",
                "from_port": 443,
                "ipv6_cidr_blocks": [],
                "prefix_list_ids": [],
                "protocol": "tcp",
                "security_groups": [],
                "self": false,
                "to_port": 443
              }
            ],
            "name": "innovatech-eks-cluster-sg",
            "name_prefix": "",
            "owner_id": "671182215815",
            "revoke_rules_on_delete": false,
            "tags": {
              "Environment": "dev",
              "ManagedBy": "Terraform",
              "Name": "innovatech-eks-cluster-sg",
              "Platform": "EKS",
              "Project": "innovatech"
            },
            "tags_all": {
              "Environment": "dev",
              "ManagedBy": "Terraform",
              "Name": "innovatech-eks-cluster-sg",
              "Platform": "EKS",
              "Project": "innovatech"
            },
            "timeouts": null,
            "vpc_id": "vpc-0db7b86e42610a157"
          },
          "sensitive_attributes": [],
          "identity_schema_version": 0,
          "private": "eyJlMmJmYjczMC1lY2FhLTExZTYtOGY4OC0zNDM2M2JjN2M0YzAiOnsiY3JlYXRlIjo2MDAwMDAwMDAwMDAsImRlbGV0ZSI6OTAwMDAwMDAwMDAwfSwic2NoZW1hX3ZlcnNpb24iOiIxIn0=",
          "dependencies": [
            "aws_vpc.main"
          ]
        }
      ]
    },
    {
      "mode": "managed",
      "type": "aws_security_group",
      "name": "eks_nodes",
      "provider": "provider[\"registry.terraform.io/hashicorp/aws\"]",
      "instances": [
        {
          "schema_version": 1,
          "attributes": {
            "arn": "arn:aws:ec2:us-east-1:671182215815:security-group/sg-0ba7b7c05d4a8f3d5",
            "description": "Security Group para nodos worker de EKS",
            "egress": [
              {
                "cidr_blocks": [
                  "0.0.0.0/0"
                ],
                "description": "Salida general",
                "from_port": 0,
                "ipv6_cidr_blocks": [],
                "prefix_list_ids": [],
                "protocol": "-1",
                "security_groups": [],
                "self": false,
                "to_port": 0
              }
            ],
            "id": "sg-0ba7b7c05d4a8f3d5",
            "ingress": [
              {
                "cidr_blocks": [
                  "0.0.0.0/0"
                ],
                "description": "HTTP publico para servicios LoadBalancer",
                "from_port": 80,
                "ipv6_cidr_blocks": [],
                "prefix_list_ids": [],
                "protocol": "tcp",
                "security_groups": [],
                "self": false,
                "to_port": 80
              },
              {
                "cidr_blocks": [
                  "0.0.0.0/0"
                ],
                "description": "HTTPS publico para servicios LoadBalancer",
                "from_port": 443,
                "ipv6_cidr_blocks": [],
                "prefix_list_ids": [],
                "protocol": "tcp",
                "security_groups": [],
                "self": false,
                "to_port": 443
              },
              {
                "cidr_blocks": [],
                "description": "Comunicacion desde control plane",
                "from_port": 1025,
                "ipv6_cidr_blocks": [],
                "prefix_list_ids": [],
                "protocol": "tcp",
                "security_groups": [
                  "sg-0155ffa5ac2277975"
                ],
                "self": false,
                "to_port": 65535
              },
              {
                "cidr_blocks": [],
                "description": "Comunicacion entre nodos",
                "from_port": 0,
                "ipv6_cidr_blocks": [],
                "prefix_list_ids": [],
                "protocol": "-1",
                "security_groups": [],
                "self": true,
                "to_port": 0
              }
            ],
            "name": "innovatech-eks-nodes-sg",
            "name_prefix": "",
            "owner_id": "671182215815",
            "revoke_rules_on_delete": false,
            "tags": {
              "Environment": "dev",
              "ManagedBy": "Terraform",
              "Name": "innovatech-eks-nodes-sg",
              "Platform": "EKS",
              "Project": "innovatech"
            },
            "tags_all": {
              "Environment": "dev",
              "ManagedBy": "Terraform",
              "Name": "innovatech-eks-nodes-sg",
              "Platform": "EKS",
              "Project": "innovatech"
            },
            "timeouts": null,
            "vpc_id": "vpc-0db7b86e42610a157"
          },
          "sensitive_attributes": [],
          "identity_schema_version": 0,
          "private": "eyJlMmJmYjczMC1lY2FhLTExZTYtOGY4OC0zNDM2M2JjN2M0YzAiOnsiY3JlYXRlIjo2MDAwMDAwMDAwMDAsImRlbGV0ZSI6OTAwMDAwMDAwMDAwfSwic2NoZW1hX3ZlcnNpb24iOiIxIn0=",
          "dependencies": [
            "aws_security_group.eks_cluster",
            "aws_vpc.main"
          ]
        }
      ]
    },
    {
      "mode": "managed",
      "type": "aws_subnet",
      "name": "public",
      "provider": "provider[\"registry.terraform.io/hashicorp/aws\"]",
      "instances": [
        {
          "index_key": 0,
          "schema_version": 1,
          "attributes": {
            "arn": "arn:aws:ec2:us-east-1:671182215815:subnet/subnet-0ebee40db3ea008ab",
            "assign_ipv6_address_on_creation": false,
            "availability_zone": "us-east-1a",
            "availability_zone_id": "use1-az4",
            "cidr_block": "10.0.1.0/24",
            "customer_owned_ipv4_pool": "",
            "enable_dns64": false,
            "enable_lni_at_device_index": 0,
            "enable_resource_name_dns_a_record_on_launch": false,
            "enable_resource_name_dns_aaaa_record_on_launch": false,
            "id": "subnet-0ebee40db3ea008ab",
            "ipv6_cidr_block": "",
            "ipv6_cidr_block_association_id": "",
            "ipv6_native": false,
            "map_customer_owned_ip_on_launch": false,
            "map_public_ip_on_launch": true,
            "outpost_arn": "",
            "owner_id": "671182215815",
            "private_dns_hostname_type_on_launch": "ip-name",
            "tags": {
              "Environment": "dev",
              "ManagedBy": "Terraform",
              "Name": "innovatech-public-subnet-1",
              "Platform": "EKS",
              "Project": "innovatech",
              "kubernetes.io/role/elb": "1"
            },
            "tags_all": {
              "Environment": "dev",
              "ManagedBy": "Terraform",
              "Name": "innovatech-public-subnet-1",
              "Platform": "EKS",
              "Project": "innovatech",
              "kubernetes.io/role/elb": "1"
            },
            "timeouts": null,
            "vpc_id": "vpc-0db7b86e42610a157"
          },
          "sensitive_attributes": [],
          "identity_schema_version": 0,
          "private": "eyJlMmJmYjczMC1lY2FhLTExZTYtOGY4OC0zNDM2M2JjN2M0YzAiOnsiY3JlYXRlIjo2MDAwMDAwMDAwMDAsImRlbGV0ZSI6MTIwMDAwMDAwMDAwMH0sInNjaGVtYV92ZXJzaW9uIjoiMSJ9",
          "dependencies": [
            "aws_vpc.main",
            "data.aws_availability_zones.available"
          ]
        },
        {
          "index_key": 1,
          "schema_version": 1,
          "attributes": {
            "arn": "arn:aws:ec2:us-east-1:671182215815:subnet/subnet-00c0a4f248542af96",
            "assign_ipv6_address_on_creation": false,
            "availability_zone": "us-east-1b",
            "availability_zone_id": "use1-az6",
            "cidr_block": "10.0.2.0/24",
            "customer_owned_ipv4_pool": "",
            "enable_dns64": false,
            "enable_lni_at_device_index": 0,
            "enable_resource_name_dns_a_record_on_launch": false,
            "enable_resource_name_dns_aaaa_record_on_launch": false,
            "id": "subnet-00c0a4f248542af96",
            "ipv6_cidr_block": "",
            "ipv6_cidr_block_association_id": "",
            "ipv6_native": false,
            "map_customer_owned_ip_on_launch": false,
            "map_public_ip_on_launch": true,
            "outpost_arn": "",
            "owner_id": "671182215815",
            "private_dns_hostname_type_on_launch": "ip-name",
            "tags": {
              "Environment": "dev",
              "ManagedBy": "Terraform",
              "Name": "innovatech-public-subnet-2",
              "Platform": "EKS",
              "Project": "innovatech",
              "kubernetes.io/role/elb": "1"
            },
            "tags_all": {
              "Environment": "dev",
              "ManagedBy": "Terraform",
              "Name": "innovatech-public-subnet-2",
              "Platform": "EKS",
              "Project": "innovatech",
              "kubernetes.io/role/elb": "1"
            },
            "timeouts": null,
            "vpc_id": "vpc-0db7b86e42610a157"
          },
          "sensitive_attributes": [],
          "identity_schema_version": 0,
          "private": "eyJlMmJmYjczMC1lY2FhLTExZTYtOGY4OC0zNDM2M2JjN2M0YzAiOnsiY3JlYXRlIjo2MDAwMDAwMDAwMDAsImRlbGV0ZSI6MTIwMDAwMDAwMDAwMH0sInNjaGVtYV92ZXJzaW9uIjoiMSJ9",
          "dependencies": [
            "aws_vpc.main",
            "data.aws_availability_zones.available"
          ]
        }
      ]
    },
    {
      "mode": "managed",
      "type": "aws_vpc",
      "name": "main",
      "provider": "provider[\"registry.terraform.io/hashicorp/aws\"]",
      "instances": [
        {
          "schema_version": 1,
          "attributes": {
            "arn": "arn:aws:ec2:us-east-1:671182215815:vpc/vpc-0db7b86e42610a157",
            "assign_generated_ipv6_cidr_block": false,
            "cidr_block": "10.0.0.0/16",
            "default_network_acl_id": "acl-0eeac3043592392d7",
            "default_route_table_id": "rtb-09c56f84dac7a8053",
            "default_security_group_id": "sg-05555d44b250dc550",
            "dhcp_options_id": "dopt-0141461a08a8b60f9",
            "enable_dns_hostnames": true,
            "enable_dns_support": true,
            "enable_network_address_usage_metrics": false,
            "id": "vpc-0db7b86e42610a157",
            "instance_tenancy": "default",
            "ipv4_ipam_pool_id": null,
            "ipv4_netmask_length": null,
            "ipv6_association_id": "",
            "ipv6_cidr_block": "",
            "ipv6_cidr_block_network_border_group": "",
            "ipv6_ipam_pool_id": "",
            "ipv6_netmask_length": 0,
            "main_route_table_id": "rtb-09c56f84dac7a8053",
            "owner_id": "671182215815",
            "tags": {
              "Environment": "dev",
              "ManagedBy": "Terraform",
              "Name": "innovatech-vpc",
              "Platform": "EKS",
              "Project": "innovatech"
            },
            "tags_all": {
              "Environment": "dev",
              "ManagedBy": "Terraform",
              "Name": "innovatech-vpc",
              "Platform": "EKS",
              "Project": "innovatech"
            }
          },
          "sensitive_attributes": [],
          "identity_schema_version": 0,
          "private": "eyJzY2hlbWFfdmVyc2lvbiI6IjEifQ=="
        }
      ]
    }
  ],
  "check_results": null
}
